
Microsoft Visual Studio Solution File, Format Version 11.00
# Visual Studio 2010
Project("{FAE04EC0-301F-11D3-BF4B-00C04F79EFBC}") = "TestProjectRA01", "TestProjectRA01\TestProjectRA01.csproj", "{B5665C8A-AC24-46C9-B438-FDA2667C307B}"
EndProject
Project("{2150E333-8FDC-42A3-9474-1A3956D46DE8}") = "Solution Items", "Solution Items", "{9CF85AEB-182C-464C-80B8-3A8B7F7511DE}"
	ProjectSection(SolutionItems) = preProject
		Local.testsettings = Local.testsettings
		TestProjectRA01.vsmdi = TestProjectRA01.vsmdi
		TraceAndTestImpact.testsettings = TraceAndTestImpact.testsettings
	EndProjectSection
EndProject
Global
	GlobalSection(TestCaseManagementSettings) = postSolution
		CategoryFile = TestProjectRA01.vsmdi
	EndGlobalSection
	GlobalSection(SolutionConfigurationPlatforms) = preSolution
		Debug|Any CPU = Debug|Any CPU
		Release|Any CPU = Release|Any CPU
	EndGlobalSection
	GlobalSection(ProjectConfigurationPlatforms) = postSolution
		{B5665C8A-AC24-46C9-B438-FDA2667C307B}.Debug|Any CPU.ActiveCfg = Debug|Any CPU
		{B5665C8A-AC24-46C9-B438-FDA2667C307B}.Debug|Any CPU.Build.0 = Debug|Any CPU
		{B5665C8A-AC24-46C9-B438-FDA2667C307B}.Release|Any CPU.ActiveCfg = Release|Any CPU
		{B5665C8A-AC24-46C9-B438-FDA2667C307B}.Release|Any CPU.Build.0 = Release|Any CPU
	EndGlobalSection
	GlobalSection(SolutionProperties) = preSolution
		HideSolutionNode = FALSE
	EndGlobalSection
EndGlobal
